
Microsoft Visual Studio Solution File, Format Version 10.00
# Visual Studio 2008
Project("{FAE04EC0-301F-11D3-BF4B-00C04F79EFBC}") = "SharpInjection", "SharpInjection\SharpInjection.csproj", "{D4BD6996-322D-4360-9725-49FBC389D666}"
EndProject
Project("{FAE04EC0-301F-11D3-BF4B-00C04F79EFBC}") = "simplevictim", "simplevictim\simplevictim.csproj", "{B6708AA6-540D-487B-A55C-D4D910A0752D}"
EndProject
Global
	GlobalSection(SolutionConfigurationPlatforms) = preSolution
		Debug|x86 = Debug|x86
		Release|x86 = Release|x86
	EndGlobalSection
	GlobalSection(ProjectConfigurationPlatforms) = postSolution
		{B6708AA6-540D-487B-A55C-D4D910A0752D}.Debug|x86.ActiveCfg = Debug|x86
		{B6708AA6-540D-487B-A55C-D4D910A0752D}.Debug|x86.Build.0 = Debug|x86
		{B6708AA6-540D-487B-A55C-D4D910A0752D}.Release|x86.ActiveCfg = Release|x86
		{B6708AA6-540D-487B-A55C-D4D910A0752D}.Release|x86.Build.0 = Release|x86
		{D4BD6996-322D-4360-9725-49FBC389D666}.Debug|x86.ActiveCfg = Debug|x86
		{D4BD6996-322D-4360-9725-49FBC389D666}.Debug|x86.Build.0 = Debug|x86
		{D4BD6996-322D-4360-9725-49FBC389D666}.Release|x86.ActiveCfg = Release|x86
		{D4BD6996-322D-4360-9725-49FBC389D666}.Release|x86.Build.0 = Release|x86
	EndGlobalSection
	GlobalSection(MonoDevelopProperties) = preSolution
		StartupItem = SharpInjection\SharpInjection.csproj
	EndGlobalSection
EndGlobal
